
Microsoft Visual Studio Solution File, Format Version 11.00
# Visual Studio 2010
# SharpDevelop 4.4
Project("{BD8E9625-815A-4BDB-B228-5D4F9C2541A1}") = "foundoublemirror", "foundoublemirror\foundoublemirror.rbproj", "{DD952BEE-A739-4303-9C58-03E6D662DDD6}"
EndProject
Global
	GlobalSection(SolutionConfigurationPlatforms) = preSolution
		Debug|Any CPU = Debug|Any CPU
		Release|Any CPU = Release|Any CPU
	EndGlobalSection
	GlobalSection(ProjectConfigurationPlatforms) = postSolution
		{DD952BEE-A739-4303-9C58-03E6D662DDD6}.Debug|Any CPU.Build.0 = Debug|Any CPU
		{DD952BEE-A739-4303-9C58-03E6D662DDD6}.Debug|Any CPU.ActiveCfg = Debug|Any CPU
		{DD952BEE-A739-4303-9C58-03E6D662DDD6}.Release|Any CPU.Build.0 = Release|Any CPU
		{DD952BEE-A739-4303-9C58-03E6D662DDD6}.Release|Any CPU.ActiveCfg = Release|Any CPU
	EndGlobalSection
EndGlobal
